// !$*UTF8*$!
{
	archiveVersion = 1;
	classes = {
	};
	objectVersion = 46;
	objects = {

/* Begin PBXBuildFile section */
		7C64ACFE1E4F14DF00240995 /* AppDelegate.swift in Sources */ = {isa = PBXBuildFile; fileRef = 7C64ACFD1E4F14DF00240995 /* AppDelegate.swift */; };
		7C64AD001E4F14DF00240995 /* MainTestViewController.swift in Sources */ = {isa = PBXBuildFile; fileRef = 7C64ACFF1E4F14DF00240995 /* MainTestViewController.swift */; };
		7C64AD031E4F14DF00240995 /* Main.storyboard in Resources */ = {isa = PBXBuildFile; fileRef = 7C64AD011E4F14DF00240995 /* Main.storyboard */; };
		7C64AD051E4F14DF00240995 /* Assets.xcassets in Resources */ = {isa = PBXBuildFile; fileRef = 7C64AD041E4F14DF00240995 /* Assets.xcassets */; };
		7C64AD081E4F14DF00240995 /* LaunchScreen.storyboard in Resources */ = {isa = PBXBuildFile; fileRef = 7C64AD061E4F14DF00240995 /* LaunchScreen.storyboard */; };
		7C64AD121E4F1AA100240995 /* DataInteractor.swift in Sources */ = {isa = PBXBuildFile; fileRef = 7C64AD111E4F1AA100240995 /* DataInteractor.swift */; };
		7C64AD151E4F28B900240995 /* WeatherAPI.swift in Sources */ = {isa = PBXBuildFile; fileRef = 7C64AD141E4F28B900240995 /* WeatherAPI.swift */; };
		7C64AD171E4F41B800240995 /* LocationInteractor.swift in Sources */ = {isa = PBXBuildFile; fileRef = 7C64AD161E4F41B800240995 /* LocationInteractor.swift */; };
/* End PBXBuildFile section */

/* Begin PBXFileReference section */
		7C64ACFA1E4F14DF00240995 /* reflekto.app */ = {isa = PBXFileReference; explicitFileType = wrapper.application; includeInIndex = 0; path = reflekto.app; sourceTree = BUILT_PRODUCTS_DIR; };
		7C64ACFD1E4F14DF00240995 /* AppDelegate.swift */ = {isa = PBXFileReference; lastKnownFileType = sourcecode.swift; path = AppDelegate.swift; sourceTree = "<group>"; };
		7C64ACFF1E4F14DF00240995 /* MainTestViewController.swift */ = {isa = PBXFileReference; lastKnownFileType = sourcecode.swift; path = MainTestViewController.swift; sourceTree = "<group>"; };
		7C64AD021E4F14DF00240995 /* Base */ = {isa = PBXFileReference; lastKnownFileType = file.storyboard; name = Base; path = Base.lproj/Main.storyboard; sourceTree = "<group>"; };
		7C64AD041E4F14DF00240995 /* Assets.xcassets */ = {isa = PBXFileReference; lastKnownFileType = folder.assetcatalog; path = Assets.xcassets; sourceTree = "<group>"; };
		7C64AD071E4F14DF00240995 /* Base */ = {isa = PBXFileReference; lastKnownFileType = file.storyboard; name = Base; path = Base.lproj/LaunchScreen.storyboard; sourceTree = "<group>"; };
		7C64AD091E4F14DF00240995 /* Info.plist */ = {isa = PBXFileReference; lastKnownFileType = text.plist.xml; path = Info.plist; sourceTree = "<group>"; };
		7C64AD111E4F1AA100240995 /* DataInteractor.swift */ = {isa = PBXFileReference; fileEncoding = 4; lastKnownFileType = sourcecode.swift; path = DataInteractor.swift; sourceTree = "<group>"; };
		7C64AD141E4F28B900240995 /* WeatherAPI.swift */ = {isa = PBXFileReference; fileEncoding = 4; lastKnownFileType = sourcecode.swift; path = WeatherAPI.swift; sourceTree = "<group>"; };
		7C64AD161E4F41B800240995 /* LocationInteractor.swift */ = {isa = PBXFileReference; fileEncoding = 4; lastKnownFileType = sourcecode.swift; path = LocationInteractor.swift; sourceTree = "<group>"; };
/* End PBXFileReference section */

/* Begin PBXFrameworksBuildPhase section */
		7C64ACF71E4F14DF00240995 /* Frameworks */ = {
			isa = PBXFrameworksBuildPhase;
			buildActionMask = 2147483647;
			files = (
			);
			runOnlyForDeploymentPostprocessing = 0;
		};
/* End PBXFrameworksBuildPhase section */

/* Begin PBXGroup section */
		7C64ACF11E4F14DF00240995 = {
			isa = PBXGroup;
			children = (
				7C64ACFC1E4F14DF00240995 /* reflekto */,
				7C64ACFB1E4F14DF00240995 /* Products */,
			);
			sourceTree = "<group>";
		};
		7C64ACFB1E4F14DF00240995 /* Products */ = {
			isa = PBXGroup;
			children = (
				7C64ACFA1E4F14DF00240995 /* reflekto.app */,
			);
			name = Products;
			sourceTree = "<group>";
		};
		7C64ACFC1E4F14DF00240995 /* reflekto */ = {
			isa = PBXGroup;
			children = (
				7C64AD131E4F28A700240995 /* API */,
				7C64AD101E4F153400240995 /* Interactor */,
				7C64AD0F1E4F152C00240995 /* Interface */,
				7C64ACFD1E4F14DF00240995 /* AppDelegate.swift */,
				7C64AD041E4F14DF00240995 /* Assets.xcassets */,
				7C64AD061E4F14DF00240995 /* LaunchScreen.storyboard */,
				7C64AD091E4F14DF00240995 /* Info.plist */,
			);
			path = reflekto;
			sourceTree = "<group>";
		};
		7C64AD0F1E4F152C00240995 /* Interface */ = {
			isa = PBXGroup;
			children = (
				7C64AD011E4F14DF00240995 /* Main.storyboard */,
				7C64ACFF1E4F14DF00240995 /* MainTestViewController.swift */,
			);
			name = Interface;
			sourceTree = "<group>";
		};
		7C64AD101E4F153400240995 /* Interactor */ = {
			isa = PBXGroup;
			children = (
				7C64AD111E4F1AA100240995 /* DataInteractor.swift */,
				7C64AD161E4F41B800240995 /* LocationInteractor.swift */,
			);
			name = Interactor;
			sourceTree = "<group>";
		};
		7C64AD131E4F28A700240995 /* API */ = {
			isa = PBXGroup;
			children = (
				7C64AD141E4F28B900240995 /* WeatherAPI.swift */,
			);
			name = API;
			sourceTree = "<group>";
		};
/* End PBXGroup section */

/* Begin PBXNativeTarget section */
		7C64ACF91E4F14DF00240995 /* reflekto */ = {
			isa = PBXNativeTarget;
			buildConfigurationList = 7C64AD0C1E4F14DF00240995 /* Build configuration list for PBXNativeTarget "reflekto" */;
			buildPhases = (
				7C64ACF61E4F14DF00240995 /* Sources */,
				7C64ACF71E4F14DF00240995 /* Frameworks */,
				7C64ACF81E4F14DF00240995 /* Resources */,
			);
			buildRules = (
			);
			dependencies = (
			);
			name = reflekto;
			productName = reflekto;
			productReference = 7C64ACFA1E4F14DF00240995 /* reflekto.app */;
			productType = "com.apple.product-type.application";
		};
/* End PBXNativeTarget section */

/* Begin PBXProject section */
		7C64ACF21E4F14DF00240995 /* Project object */ = {
			isa = PBXProject;
			attributes = {
				LastSwiftUpdateCheck = 0820;
				LastUpgradeCheck = 0820;
				ORGANIZATIONNAME = Solstico;
				TargetAttributes = {
					7C64ACF91E4F14DF00240995 = {
						CreatedOnToolsVersion = 8.2.1;
						DevelopmentTeam = J5AJCLAX66;
						ProvisioningStyle = Manual;
					};
				};
			};
			buildConfigurationList = 7C64ACF51E4F14DF00240995 /* Build configuration list for PBXProject "reflekto" */;
			compatibilityVersion = "Xcode 3.2";
			developmentRegion = English;
			hasScannedForEncodings = 0;
			knownRegions = (
				en,
				Base,
			);
			mainGroup = 7C64ACF11E4F14DF00240995;
			productRefGroup = 7C64ACFB1E4F14DF00240995 /* Products */;
			projectDirPath = "";
			projectRoot = "";
			targets = (
				7C64ACF91E4F14DF00240995 /* reflekto */,
			);
		};
/* End PBXProject section */

/* Begin PBXResourcesBuildPhase section */
		7C64ACF81E4F14DF00240995 /* Resources */ = {
			isa = PBXResourcesBuildPhase;
			buildActionMask = 2147483647;
			files = (
				7C64AD081E4F14DF00240995 /* LaunchScreen.storyboard in Resources */,
				7C64AD051E4F14DF00240995 /* Assets.xcassets in Resources */,
				7C64AD031E4F14DF00240995 /* Main.storyboard in Resources */,
			);
			runOnlyForDeploymentPostprocessing = 0;
		};
/* End PBXResourcesBuildPhase section */

/* Begin PBXSourcesBuildPhase section */
		7C64ACF61E4F14DF00240995 /* Sources */ = {
			isa = PBXSourcesBuildPhase;
			buildActionMask = 2147483647;
			files = (
				7C64AD121E4F1AA100240995 /* DataInteractor.swift in Sources */,
				7C64AD151E4F28B900240995 /* WeatherAPI.swift in Sources */,
				7C64AD001E4F14DF00240995 /* MainTestViewController.swift in Sources */,
				7C64ACFE1E4F14DF00240995 /* AppDelegate.swift in Sources */,
				7C64AD171E4F41B800240995 /* LocationInteractor.swift in Sources */,
			);
			runOnlyForDeploymentPostprocessing = 0;
		};
/* End PBXSourcesBuildPhase section */

/* Begin PBXVariantGroup section */
		7C64AD011E4F14DF00240995 /* Main.storyboard */ = {
			isa = PBXVariantGroup;
			children = (
				7C64AD021E4F14DF00240995 /* Base */,
			);
			name = Main.storyboard;
			sourceTree = "<group>";
		};
		7C64AD061E4F14DF00240995 /* LaunchScreen.storyboard */ = {
			isa = PBXVariantGroup;
			children = (
				7C64AD071E4F14DF00240995 /* Base */,
			);
			name = LaunchScreen.storyboard;
			sourceTree = "<group>";
		};
/* End PBXVariantGroup section */

/* Begin XCBuildConfiguration section */
		7C64AD0A1E4F14DF00240995 /* Debug */ = {
			isa = XCBuildConfiguration;
			buildSettings = {
				ALWAYS_SEARCH_USER_PATHS = NO;
				CLANG_ANALYZER_NONNULL = YES;
				CLANG_CXX_LANGUAGE_STANDARD = "gnu++0x";
				CLANG_CXX_LIBRARY = "libc++";
				CLANG_ENABLE_MODULES = YES;
				CLANG_ENABLE_OBJC_ARC = YES;
				CLANG_WARN_BOOL_CONVERSION = YES;
				CLANG_WARN_CONSTANT_CONVERSION = YES;
				CLANG_WARN_DIRECT_OBJC_ISA_USAGE = YES_ERROR;
				CLANG_WARN_DOCUMENTATION_COMMENTS = YES;
				CLANG_WARN_EMPTY_BODY = YES;
				CLANG_WARN_ENUM_CONVERSION = YES;
				CLANG_WARN_INFINITE_RECURSION = YES;
				CLANG_WARN_INT_CONVERSION = YES;
				CLANG_WARN_OBJC_ROOT_CLASS = YES_ERROR;
				CLANG_WARN_SUSPICIOUS_MOVE = YES;
				CLANG_WARN_UNREACHABLE_CODE = YES;
				CLANG_WARN__DUPLICATE_METHOD_MATCH = YES;
				"CODE_SIGN_IDENTITY[sdk=iphoneos*]" = "iPhone Developer";
				COPY_PHASE_STRIP = NO;
				DEBUG_INFORMATION_FORMAT = dwarf;
				ENABLE_STRICT_OBJC_MSGSEND = YES;
				ENABLE_TESTABILITY = YES;
				GCC_C_LANGUAGE_STANDARD = gnu99;
				GCC_DYNAMIC_NO_PIC = NO;
				GCC_NO_COMMON_BLOCKS = YES;
				GCC_OPTIMIZATION_LEVEL = 0;
				GCC_PREPROCESSOR_DEFINITIONS = (
					"DEBUG=1",
					"$(inherited)",
				);
				GCC_WARN_64_TO_32_BIT_CONVERSION = YES;
				GCC_WARN_ABOUT_RETURN_TYPE = YES_ERROR;
				GCC_WARN_UNDECLARED_SELECTOR = YES;
				GCC_WARN_UNINITIALIZED_AUTOS = YES_AGGRESSIVE;
				GCC_WARN_UNUSED_FUNCTION = YES;
				GCC_WARN_UNUSED_VARIABLE = YES;
				IPHONEOS_DEPLOYMENT_TARGET = 10.2;
				MTL_ENABLE_DEBUG_INFO = YES;
				ONLY_ACTIVE_ARCH = YES;
				SDKROOT = iphoneos;
				SWIFT_ACTIVE_COMPILATION_CONDITIONS = DEBUG;
				SWIFT_OPTIMIZATION_LEVEL = "-Onone";
				TARGETED_DEVICE_FAMILY = "1,2";
			};
			name = Debug;
		};
		7C64AD0B1E4F14DF00240995 /* Release */ = {
			isa = XCBuildConfiguration;
			buildSettings = {
				ALWAYS_SEARCH_USER_PATHS = NO;
				CLANG_ANALYZER_NONNULL = YES;
				CLANG_CXX_LANGUAGE_STANDARD = "gnu++0x";
				CLANG_CXX_LIBRARY = "libc++";
				CLANG_ENABLE_MODULES = YES;
				CLANG_ENABLE_OBJC_ARC = YES;
				CLANG_WARN_BOOL_CONVERSION = YES;
				CLANG_WARN_CONSTANT_CONVERSION = YES;
				CLANG_WARN_DIRECT_OBJC_ISA_USAGE = YES_ERROR;
				CLANG_WARN_DOCUMENTATION_COMMENTS = YES;
				CLANG_WARN_EMPTY_BODY = YES;
				CLANG_WARN_ENUM_CONVERSION = YES;
				CLANG_WARN_INFINITE_RECURSION = YES;
				CLANG_WARN_INT_CONVERSION = YES;
				CLANG_WARN_OBJC_ROOT_CLASS = YES_ERROR;
				CLANG_WARN_SUSPICIOUS_MOVE = YES;
				CLANG_WARN_UNREACHABLE_CODE = YES;
				CLANG_WARN__DUPLICATE_METHOD_MATCH = YES;
				"CODE_SIGN_IDENTITY[sdk=iphoneos*]" = "iPhone Developer";
				COPY_PHASE_STRIP = NO;
				DEBUG_INFORMATION_FORMAT = "dwarf-with-dsym";
				ENABLE_NS_ASSERTIONS = NO;
				ENABLE_STRICT_OBJC_MSGSEND = YES;
				GCC_C_LANGUAGE_STANDARD = gnu99;
				GCC_NO_COMMON_BLOCKS = YES;
				GCC_WARN_64_TO_32_BIT_CONVERSION = YES;
				GCC_WARN_ABOUT_RETURN_TYPE = YES_ERROR;
				GCC_WARN_UNDECLARED_SELECTOR = YES;
				GCC_WARN_UNINITIALIZED_AUTOS = YES_AGGRESSIVE;
				GCC_WARN_UNUSED_FUNCTION = YES;
				GCC_WARN_UNUSED_VARIABLE = YES;
				IPHONEOS_DEPLOYMENT_TARGET = 10.2;
				MTL_ENABLE_DEBUG_INFO = NO;
				SDKROOT = iphoneos;
				SWIFT_OPTIMIZATION_LEVEL = "-Owholemodule";
				TARGETED_DEVICE_FAMILY = "1,2";
				VALIDATE_PRODUCT = YES;
			};
			name = Release;
		};
		7C64AD0D1E4F14DF00240995 /* Debug */ = {
			isa = XCBuildConfiguration;
			buildSettings = {
				ASSETCATALOG_COMPILER_APPICON_NAME = AppIcon;
				DEVELOPMENT_TEAM = J5AJCLAX66;
				INFOPLIST_FILE = reflekto/Info.plist;
				LD_RUNPATH_SEARCH_PATHS = "$(inherited) @executable_path/Frameworks";
				PRODUCT_BUNDLE_IDENTIFIER = com.solstico.reflekto;
				PRODUCT_NAME = "$(TARGET_NAME)";
				PROVISIONING_PROFILE = "23992ba8-69f9-461d-93f3-6587def844ce";
				PROVISIONING_PROFILE_SPECIFIER = "Wildcard Development Provisioning";
				SWIFT_VERSION = 3.0;
			};
			name = Debug;
		};
		7C64AD0E1E4F14DF00240995 /* Release */ = {
			isa = XCBuildConfiguration;
			buildSettings = {
				ASSETCATALOG_COMPILER_APPICON_NAME = AppIcon;
				DEVELOPMENT_TEAM = "";
				INFOPLIST_FILE = reflekto/Info.plist;
				LD_RUNPATH_SEARCH_PATHS = "$(inherited) @executable_path/Frameworks";
				PRODUCT_BUNDLE_IDENTIFIER = com.solstico.reflekto;
				PRODUCT_NAME = "$(TARGET_NAME)";
				SWIFT_VERSION = 3.0;
			};
			name = Release;
		};
/* End XCBuildConfiguration section */

/* Begin XCConfigurationList section */
		7C64ACF51E4F14DF00240995 /* Build configuration list for PBXProject "reflekto" */ = {
			isa = XCConfigurationList;
			buildConfigurations = (
				7C64AD0A1E4F14DF00240995 /* Debug */,
				7C64AD0B1E4F14DF00240995 /* Release */,
			);
			defaultConfigurationIsVisible = 0;
			defaultConfigurationName = Release;
		};
		7C64AD0C1E4F14DF00240995 /* Build configuration list for PBXNativeTarget "reflekto" */ = {
			isa = XCConfigurationList;
			buildConfigurations = (
				7C64AD0D1E4F14DF00240995 /* Debug */,
				7C64AD0E1E4F14DF00240995 /* Release */,
			);
			defaultConfigurationIsVisible = 0;
		};
/* End XCConfigurationList section */
	};
	rootObject = 7C64ACF21E4F14DF00240995 /* Project object */;
}
